{
  "version": 4,
  "terraform_version": "1.5.6",
  "serial": 8,
  "lineage": "055c017a-dab6-1249-4c51-f910af652e19",
  "outputs": {},
  "resources": [
    {
      "mode": "managed",
      "type": "cloudflare_record",
      "name": "cloud_gateway_a",
      "provider": "provider[\"registry.terraform.io/cloudflare/cloudflare\"]",
      "instances": [
        {
          "schema_version": 2,
          "attributes": {
            "allow_overwrite": false,
            "comment": "",
            "created_on": "2023-09-06T18:58:44.38107Z",
            "data": [],
            "hostname": "terraform_a.deathclassic.xyz",
            "id": "01a27abb839ad4880dde44eff792f393",
            "metadata": {
              "auto_added": "false",
              "managed_by_apps": "false",
              "managed_by_argo_tunnel": "false",
              "source": "primary"
            },
            "modified_on": "2023-09-06T18:58:44.38107Z",
            "name": "terraform_a",
            "priority": null,
            "proxiable": true,
            "proxied": false,
            "tags": [],
            "timeouts": null,
            "ttl": 3600,
            "type": "A",
            "value": "149.28.118.196",
            "zone_id": "4637700cabe8a9ecba29c4eeb71e14b7"
          },
          "sensitive_attributes": [],
          "private": "eyJlMmJmYjczMC1lY2FhLTExZTYtOGY4OC0zNDM2M2JjN2M0YzAiOnsiY3JlYXRlIjozMDAwMDAwMDAwMCwidXBkYXRlIjozMDAwMDAwMDAwMH0sInNjaGVtYV92ZXJzaW9uIjoiMiJ9",
          "dependencies": [
            "vultr_instance.cloudgw"
          ]
        }
      ]
    },
    {
      "mode": "managed",
      "type": "cloudflare_record",
      "name": "cloud_gateway_aaaa",
      "provider": "provider[\"registry.terraform.io/cloudflare/cloudflare\"]",
      "instances": [
        {
          "schema_version": 2,
          "attributes": {
            "allow_overwrite": false,
            "comment": "",
            "created_on": "2023-09-06T18:58:44.581622Z",
            "data": [],
            "hostname": "terraform_aaaa.deathclassic.xyz",
            "id": "0f11dee4848a2bd63e2aa6379ef8d424",
            "metadata": {
              "auto_added": "false",
              "managed_by_apps": "false",
              "managed_by_argo_tunnel": "false",
              "source": "primary"
            },
            "modified_on": "2023-09-06T18:58:44.581622Z",
            "name": "terraform_aaaa",
            "priority": null,
            "proxiable": true,
            "proxied": false,
            "tags": [],
            "timeouts": null,
            "ttl": 3600,
            "type": "AAAA",
            "value": "2001:19f0:5c00:1715:5400:04ff:fe90:c41e",
            "zone_id": "4637700cabe8a9ecba29c4eeb71e14b7"
          },
          "sensitive_attributes": [],
          "private": "eyJlMmJmYjczMC1lY2FhLTExZTYtOGY4OC0zNDM2M2JjN2M0YzAiOnsiY3JlYXRlIjozMDAwMDAwMDAwMCwidXBkYXRlIjozMDAwMDAwMDAwMH0sInNjaGVtYV92ZXJzaW9uIjoiMiJ9",
          "dependencies": [
            "vultr_instance.cloudgw"
          ]
        }
      ]
    },
    {
      "mode": "managed",
      "type": "vultr_instance",
      "name": "cloudgw",
      "provider": "provider[\"registry.terraform.io/vultr/vultr\"]",
      "instances": [
        {
          "schema_version": 0,
          "attributes": {
            "activation_email": true,
            "allowed_bandwidth": 1,
            "app_id": 0,
            "backups": "enabled",
            "backups_schedule": [
              {
                "dom": 0,
                "dow": 0,
                "hour": 0,
                "type": "weekly"
              }
            ],
            "date_created": "2023-09-06T18:57:46+00:00",
            "ddos_protection": false,
            "default_password": "k@J9W%j]iTsif,e!",
            "disk": 25,
            "enable_ipv6": true,
            "features": [
              "auto_backups",
              "ipv6"
            ],
            "firewall_group_id": "",
            "gateway_v4": "149.28.118.1",
            "hostname": "cloudgw",
            "id": "d05eabfd-83cb-464b-818e-a3be6b75a757",
            "image_id": null,
            "internal_ip": "",
            "iso_id": null,
            "kvm": "https://my.vultr.com/subs/vps/novnc/api.php?data=djJ8OEdPM1ZXZGg0S0RBOTV0THRQX2lCX3BGSTRuQjYzemp8AIVWSInl9RwSdwIeCRm6Ht70sFltSMVf3ikTc4-Ovb-JKAlQJMtBWaf70C8kZhC_lHG5RjNSKG6IgKS3VzHfESmJZ8MfXi_XgLNWLlxLTBcPMxfOx92OmXXY9ncHRhtf2ABKy1BH7viQHGWv-3XPWWAxbu2fVSlmTAOiW0saWT4Ot8_59qTtDi48FU3MQoFX7cuZmv61dDp7",
            "label": "cloudgw",
            "main_ip": "149.28.118.196",
            "netmask_v4": "255.255.254.0",
            "os": "Ubuntu 22.04 x64",
            "os_id": 1743,
            "plan": "vc2-1c-1gb",
            "power_status": "running",
            "private_network_ids": [],
            "ram": 1024,
            "region": "ord",
            "reserved_ip_id": null,
            "script_id": null,
            "server_status": "ok",
            "snapshot_id": null,
            "ssh_key_ids": null,
            "status": "active",
            "tags": [
              "cloudgw"
            ],
            "timeouts": null,
            "user_data": null,
            "v6_main_ip": "2001:19f0:5c00:1715:5400:04ff:fe90:c41e",
            "v6_network": "2001:19f0:5c00:1715::",
            "v6_network_size": 64,
            "vcpu_count": 1,
            "vpc_ids": []
          },
          "sensitive_attributes": [],
          "private": "eyJlMmJmYjczMC1lY2FhLTExZTYtOGY4OC0zNDM2M2JjN2M0YzAiOnsiY3JlYXRlIjozNjAwMDAwMDAwMDAwLCJ1cGRhdGUiOjM2MDAwMDAwMDAwMDB9fQ=="
        }
      ]
    }
  ],
  "check_results": null
}
